
Microsoft Visual Studio Solution File, Format Version 12.00
# Visual Studio Version 17
VisualStudioVersion = 17.0.31919.166
MinimumVisualStudioVersion = 10.0.40219.1
Project("{FAE04EC0-301F-11D3-BF4B-00C04F79EFBC}") = "RicercaOperativa", "RicercaOperativa.csproj", "{9359F637-A42C-4B25-A3A3-DC94E13FFC59}"
EndProject
Global
	GlobalSection(SolutionConfigurationPlatforms) = preSolution
		Debug|Any CPU = Debug|Any CPU
		Release|Any CPU = Release|Any CPU
	EndGlobalSection
	GlobalSection(ProjectConfigurationPlatforms) = postSolution
		{9359F637-A42C-4B25-A3A3-DC94E13FFC59}.Debug|Any CPU.ActiveCfg = Debug|Any CPU
		{9359F637-A42C-4B25-A3A3-DC94E13FFC59}.Debug|Any CPU.Build.0 = Debug|Any CPU
		{9359F637-A42C-4B25-A3A3-DC94E13FFC59}.Release|Any CPU.ActiveCfg = Release|Any CPU
		{9359F637-A42C-4B25-A3A3-DC94E13FFC59}.Release|Any CPU.Build.0 = Release|Any CPU
	EndGlobalSection
	GlobalSection(SolutionProperties) = preSolution
		HideSolutionNode = FALSE
	EndGlobalSection
	GlobalSection(ExtensibilityGlobals) = postSolution
		SolutionGuid = {14E6E034-4156-470B-97BD-CBFF4C991F81}
	EndGlobalSection
EndGlobal
